<?xml version="1.0" encoding="utf-8"?>
<Project ToolsVersion="4.0" xmlns="http://schemas.microsoft.com/developer/msbuild/2003">
  <ItemGroup>
    <Filter Include="Source Files">
      <UniqueIdentifier>{4FC737F1-C7A5-4376-A066-2A32D752A2FF}</UniqueIdentifier>
      <Extensions>cpp;c;cc;cxx;c++;cppm;ixx;def;odl;idl;hpj;bat;asm;asmx</Extensions>
    </Filter>
    <Filter Include="Header Files">
      <UniqueIdentifier>{93995380-89BD-4b04-88EB-625FBE52EBFB}</UniqueIdentifier>
      <Extensions>h;hh;hpp;hxx;h++;hm;inl;inc;ipp;xsd</Extensions>
    </Filter>
    <Filter Include="Resource Files">
      <UniqueIdentifier>{67DA6AB6-F800-4c08-8B7A-83BB121AAD01}</UniqueIdentifier>
      <Extensions>rc;ico;cur;bmp;dlg;rc2;rct;bin;rgs;gif;jpg;jpeg;jpe;resx;tiff;tif;png;wav;mfcribbon-ms</Extensions>
    </Filter>
    <Filter Include="Shaders">
      <UniqueIdentifier>{1c37641e-2ed5-44ec-97e6-324bb0bb38d0}</UniqueIdentifier>
    </Filter>
    <Filter Include="models">
      <UniqueIdentifier>{d96ba622-bd0c-4cf5-a44e-8e86f43a9266}</UniqueIdentifier>
    </Filter>
    <Filter Include="tinyobj">
      <UniqueIdentifier>{2f198f5d-1e1d-4b43-82ce-ecae53453ce8}</UniqueIdentifier>
    </Filter>
  </ItemGroup>
  <ItemGroup>
    <ClCompile Include="VWindow.cpp">
      <Filter>Source Files</Filter>
    </ClCompile>
    <ClCompile Include="main.cpp">
      <Filter>Source Files</Filter>
    </ClCompile>
    <ClCompile Include="VWindow.hpp">
      <Filter>Header Files</Filter>
    </ClCompile>
    <ClCompile Include="application.cpp">
      <Filter>Source Files</Filter>
    </ClCompile>
    <ClCompile Include="pipeline.cpp">
      <Filter>Source Files</Filter>
    </ClCompile>
    <ClCompile Include="device.cpp">
      <Filter>Source Files</Filter>
    </ClCompile>
    <ClCompile Include="engineSwapChain.cpp">
      <Filter>Source Files</Filter>
    </ClCompile>
    <ClCompile Include="model.cpp">
      <Filter>Source Files</Filter>
    </ClCompile>
    <ClCompile Include="Renderer.cpp">
      <Filter>Source Files</Filter>
    </ClCompile>
    <ClCompile Include="RenderSystem.cpp">
      <Filter>Source Files</Filter>
    </ClCompile>
    <ClCompile Include="camera.cpp">
      <Filter>Source Files</Filter>
    </ClCompile>
    <ClCompile Include="keyboardMovement.cpp">
      <Filter>Source Files</Filter>
    </ClCompile>
    <ClCompile Include="gameObject.cpp">
      <Filter>Source Files</Filter>
    </ClCompile>
    <ClCompile Include="buffer.cpp">
      <Filter>Source Files</Filter>
    </ClCompile>
    <ClCompile Include="descriptors.cpp">
      <Filter>Source Files</Filter>
    </ClCompile>
    <ClCompile Include="pointLightSystem.cpp">
      <Filter>Source Files</Filter>
    </ClCompile>
    <ClCompile Include="printToFile.cpp">
      <Filter>Source Files</Filter>
    </ClCompile>
  </ItemGroup>
  <ItemGroup>
    <ClInclude Include="application.hpp">
      <Filter>Header Files</Filter>
    </ClInclude>
    <ClInclude Include="pipeline.hpp">
      <Filter>Header Files</Filter>
    </ClInclude>
    <ClInclude Include="device.hpp">
      <Filter>Header Files</Filter>
    </ClInclude>
    <ClInclude Include="engineSwapChain.hpp">
      <Filter>Header Files</Filter>
    </ClInclude>
    <ClInclude Include="model.hpp">
      <Filter>Header Files</Filter>
    </ClInclude>
    <ClInclude Include="gameObject.hpp">
      <Filter>Header Files</Filter>
    </ClInclude>
    <ClInclude Include="Renderer.hpp">
      <Filter>Header Files</Filter>
    </ClInclude>
    <ClInclude Include="RenderSystem.hpp">
      <Filter>Header Files</Filter>
    </ClInclude>
    <ClInclude Include="camera.hpp">
      <Filter>Header Files</Filter>
    </ClInclude>
    <ClInclude Include="keyboardMovement.hpp">
      <Filter>Header Files</Filter>
    </ClInclude>
    <ClInclude Include="util.hpp">
      <Filter>Header Files</Filter>
    </ClInclude>
    <ClInclude Include="tinyobj\tiny_obj_loader.h">
      <Filter>tinyobj</Filter>
    </ClInclude>
    <ClInclude Include="buffer.hpp">
      <Filter>Header Files</Filter>
    </ClInclude>
    <ClInclude Include="frameInfo.hpp">
      <Filter>Header Files</Filter>
    </ClInclude>
    <ClInclude Include="descriptors.hpp">
      <Filter>Header Files</Filter>
    </ClInclude>
    <ClInclude Include="pointLightSystem.hpp">
      <Filter>Header Files</Filter>
    </ClInclude>
    <ClInclude Include="printToFile.hpp">
      <Filter>Header Files</Filter>
    </ClInclude>
  </ItemGroup>
  <ItemGroup>
    <None Include="shaders\simple_shader.frag">
      <Filter>Shaders</Filter>
    </None>
    <None Include="shaders\simple_shader.frag.spv">
      <Filter>Shaders</Filter>
    </None>
    <None Include="shaders\simple_shader.vert">
      <Filter>Shaders</Filter>
    </None>
    <None Include="shaders\simple_shader.vert.spv">
      <Filter>Shaders</Filter>
    </None>
    <None Include="shaders\compile.bat">
      <Filter>Shaders</Filter>
    </None>
    <None Include="shaders\point_light.frag">
      <Filter>Shaders</Filter>
    </None>
    <None Include="shaders\point_light.vert">
      <Filter>Shaders</Filter>
    </None>
    <None Include="shaders\point_light.frag.spv">
      <Filter>Shaders</Filter>
    </None>
    <None Include="shaders\point_light.vert.spv">
      <Filter>Shaders</Filter>
    </None>
  </ItemGroup>
</Project>